{
  "requires": true,
  "lockfileVersion": 1,
  "dependencies": {
    "@editorjs/image": {
      "version": "2.6.0",
      "resolved": "https://registry.npmjs.org/@editorjs/image/-/image-2.6.0.tgz",
      "integrity": "sha512-lX4Pz9cW3gGFzlmYLRAsBXTiqUG/MRG7NK4QVU+n/VnUWPU1e791eiIpgRLHfpPj6Maaw5a+GRut90D5EdXtqg==",
      "dev": true
    }
  }
}
